
Microsoft Visual Studio Solution File, Format Version 12.00
# Visual Studio Version 17
VisualStudioVersion = 17.14.36518.9 d17.14
MinimumVisualStudioVersion = 10.0.40219.1
Project("{2150E333-8FDC-42A3-9474-1A3956D46DE8}") = "Src", "Src", "{02EA681E-C7D8-13C7-8484-4AC65E1B71E8}"
EndProject
Project("{2150E333-8FDC-42A3-9474-1A3956D46DE8}") = "Core", "Core", "{2905DCFC-1FE7-4012-8E51-C2676FDEB16C}"
EndProject
Project("{2150E333-8FDC-42A3-9474-1A3956D46DE8}") = "Infrastructure", "Infrastructure", "{2D16D00A-C692-44ED-A9D7-D4A77BF2FF9C}"
EndProject
Project("{2150E333-8FDC-42A3-9474-1A3956D46DE8}") = "Presentation", "Presentation", "{648E1FC6-5D28-4D6F-95F1-B38FB82CAC20}"
EndProject
Project("{FAE04EC0-301F-11D3-BF4B-00C04F79EFBC}") = "Domain", "Domain\Domain.csproj", "{ADC91A12-0BF1-4853-B340-22A0466F7B1F}"
EndProject
Project("{FAE04EC0-301F-11D3-BF4B-00C04F79EFBC}") = "Application", "Application\Application.csproj", "{83C15FAA-3A2C-40C0-8CCF-00178B51F18F}"
EndProject
Project("{FAE04EC0-301F-11D3-BF4B-00C04F79EFBC}") = "Infrastructure", "Infrastructure\Infrastructure.csproj", "{686219F0-69C8-449F-8927-739A8264584E}"
EndProject
Project("{FAE04EC0-301F-11D3-BF4B-00C04F79EFBC}") = "Persistance", "Persistance\Persistance.csproj", "{5D2B183B-82AB-404D-9916-17FB8F07793F}"
EndProject
Project("{FAE04EC0-301F-11D3-BF4B-00C04F79EFBC}") = "WebApi", "WebApi\WebApi.csproj", "{7EAA51B7-083C-4F5A-9AC8-7EA84323E737}"
EndProject
Global
	GlobalSection(SolutionConfigurationPlatforms) = preSolution
		Debug|Any CPU = Debug|Any CPU
		Release|Any CPU = Release|Any CPU
	EndGlobalSection
	GlobalSection(ProjectConfigurationPlatforms) = postSolution
		{ADC91A12-0BF1-4853-B340-22A0466F7B1F}.Debug|Any CPU.ActiveCfg = Debug|Any CPU
		{ADC91A12-0BF1-4853-B340-22A0466F7B1F}.Debug|Any CPU.Build.0 = Debug|Any CPU
		{ADC91A12-0BF1-4853-B340-22A0466F7B1F}.Release|Any CPU.ActiveCfg = Release|Any CPU
		{ADC91A12-0BF1-4853-B340-22A0466F7B1F}.Release|Any CPU.Build.0 = Release|Any CPU
		{83C15FAA-3A2C-40C0-8CCF-00178B51F18F}.Debug|Any CPU.ActiveCfg = Debug|Any CPU
		{83C15FAA-3A2C-40C0-8CCF-00178B51F18F}.Debug|Any CPU.Build.0 = Debug|Any CPU
		{83C15FAA-3A2C-40C0-8CCF-00178B51F18F}.Release|Any CPU.ActiveCfg = Release|Any CPU
		{83C15FAA-3A2C-40C0-8CCF-00178B51F18F}.Release|Any CPU.Build.0 = Release|Any CPU
		{686219F0-69C8-449F-8927-739A8264584E}.Debug|Any CPU.ActiveCfg = Debug|Any CPU
		{686219F0-69C8-449F-8927-739A8264584E}.Debug|Any CPU.Build.0 = Debug|Any CPU
		{686219F0-69C8-449F-8927-739A8264584E}.Release|Any CPU.ActiveCfg = Release|Any CPU
		{686219F0-69C8-449F-8927-739A8264584E}.Release|Any CPU.Build.0 = Release|Any CPU
		{5D2B183B-82AB-404D-9916-17FB8F07793F}.Debug|Any CPU.ActiveCfg = Debug|Any CPU
		{5D2B183B-82AB-404D-9916-17FB8F07793F}.Debug|Any CPU.Build.0 = Debug|Any CPU
		{5D2B183B-82AB-404D-9916-17FB8F07793F}.Release|Any CPU.ActiveCfg = Release|Any CPU
		{5D2B183B-82AB-404D-9916-17FB8F07793F}.Release|Any CPU.Build.0 = Release|Any CPU
		{7EAA51B7-083C-4F5A-9AC8-7EA84323E737}.Debug|Any CPU.ActiveCfg = Debug|Any CPU
		{7EAA51B7-083C-4F5A-9AC8-7EA84323E737}.Debug|Any CPU.Build.0 = Debug|Any CPU
		{7EAA51B7-083C-4F5A-9AC8-7EA84323E737}.Release|Any CPU.ActiveCfg = Release|Any CPU
		{7EAA51B7-083C-4F5A-9AC8-7EA84323E737}.Release|Any CPU.Build.0 = Release|Any CPU
	EndGlobalSection
	GlobalSection(SolutionProperties) = preSolution
		HideSolutionNode = FALSE
	EndGlobalSection
	GlobalSection(NestedProjects) = preSolution
		{2905DCFC-1FE7-4012-8E51-C2676FDEB16C} = {02EA681E-C7D8-13C7-8484-4AC65E1B71E8}
		{2D16D00A-C692-44ED-A9D7-D4A77BF2FF9C} = {02EA681E-C7D8-13C7-8484-4AC65E1B71E8}
		{648E1FC6-5D28-4D6F-95F1-B38FB82CAC20} = {02EA681E-C7D8-13C7-8484-4AC65E1B71E8}
		{ADC91A12-0BF1-4853-B340-22A0466F7B1F} = {2905DCFC-1FE7-4012-8E51-C2676FDEB16C}
		{83C15FAA-3A2C-40C0-8CCF-00178B51F18F} = {2905DCFC-1FE7-4012-8E51-C2676FDEB16C}
		{686219F0-69C8-449F-8927-739A8264584E} = {2D16D00A-C692-44ED-A9D7-D4A77BF2FF9C}
		{5D2B183B-82AB-404D-9916-17FB8F07793F} = {2D16D00A-C692-44ED-A9D7-D4A77BF2FF9C}
		{7EAA51B7-083C-4F5A-9AC8-7EA84323E737} = {648E1FC6-5D28-4D6F-95F1-B38FB82CAC20}
	EndGlobalSection
	GlobalSection(ExtensibilityGlobals) = postSolution
		SolutionGuid = {AD4C7F87-230F-45F5-842E-91A17D30FEAA}
	EndGlobalSection
EndGlobal
